// !$*UTF8*$!
{
	archiveVersion = 1;
	classes = {
	};
	objectVersion = 47;
	objects = {

/* Begin PBXBuildFile section */
		B54F06071B493A05007941CF /* NSBezierPath+CGPath.m in Sources */ = {isa = PBXBuildFile; fileRef = B54F06061B493A05007941CF /* NSBezierPath+CGPath.m */; };
		B5819DCE1B31B41B0031D4BB /* MainViewController.m in Sources */ = {isa = PBXBuildFile; fileRef = B5819DCD1B31B41B0031D4BB /* MainViewController.m */; };
		B5ABA8B51BD53B99008B7F1F /* PaintView.m in Sources */ = {isa = PBXBuildFile; fileRef = B5ABA8B41BD53B99008B7F1F /* PaintView.m */; };
		B5C10EBC1B36FF6E0073D3EE /* BrushImageView.m in Sources */ = {isa = PBXBuildFile; fileRef = B5C10EBB1B36FF6E0073D3EE /* BrushImageView.m */; };
		B5C10EBF1B36FF900073D3EE /* EraserImageView.m in Sources */ = {isa = PBXBuildFile; fileRef = B5C10EBE1B36FF900073D3EE /* EraserImageView.m */; };
		B5C10EC21B36FFA80073D3EE /* SelectionImageView.m in Sources */ = {isa = PBXBuildFile; fileRef = B5C10EC11B36FFA80073D3EE /* SelectionImageView.m */; };
		B5C10EC51B36FFD70073D3EE /* AirbrushImageView.m in Sources */ = {isa = PBXBuildFile; fileRef = B5C10EC41B36FFD70073D3EE /* AirbrushImageView.m */; };
		B5C10EC81B36FFED0073D3EE /* FillImageView.m in Sources */ = {isa = PBXBuildFile; fileRef = B5C10EC71B36FFED0073D3EE /* FillImageView.m */; };
		B5C10ECB1B36FFFE0073D3EE /* BombImageView.m in Sources */ = {isa = PBXBuildFile; fileRef = B5C10ECA1B36FFFE0073D3EE /* BombImageView.m */; };
		B5C10ECE1B37000E0073D3EE /* LineTool.m in Sources */ = {isa = PBXBuildFile; fileRef = B5C10ECD1B37000E0073D3EE /* LineTool.m */; };
		B5C10ED11B37001D0073D3EE /* CurveTool.m in Sources */ = {isa = PBXBuildFile; fileRef = B5C10ED01B37001D0073D3EE /* CurveTool.m */; };
		B5C10ED41B3700490073D3EE /* RectangleTool.m in Sources */ = {isa = PBXBuildFile; fileRef = B5C10ED31B3700490073D3EE /* RectangleTool.m */; };
		B5C10ED71B3700570073D3EE /* EllipseTool.m in Sources */ = {isa = PBXBuildFile; fileRef = B5C10ED61B3700570073D3EE /* EllipseTool.m */; };
		B5C10EDA1B3700670073D3EE /* RoundedRectangleTool.m in Sources */ = {isa = PBXBuildFile; fileRef = B5C10ED91B3700670073D3EE /* RoundedRectangleTool.m */; };
		B5C10EDD1B37007D0073D3EE /* TextTool.m in Sources */ = {isa = PBXBuildFile; fileRef = B5C10EDC1B37007D0073D3EE /* TextTool.m */; };
		B5C10EE01B3701650073D3EE /* EyedropperTool.m in Sources */ = {isa = PBXBuildFile; fileRef = B5C10EDF1B3701650073D3EE /* EyedropperTool.m */; };
		B5C10EE31B3701720073D3EE /* ZoomTool.m in Sources */ = {isa = PBXBuildFile; fileRef = B5C10EE21B3701720073D3EE /* ZoomTool.m */; };
		B5DC5E551B4998EC007F6F62 /* CustomClipView.m in Sources */ = {isa = PBXBuildFile; fileRef = B5DC5E541B4998EC007F6F62 /* CustomClipView.m */; };
		B5F90AA31B3168B7008976E8 /* AppDelegate.m in Sources */ = {isa = PBXBuildFile; fileRef = B5F90AA21B3168B7008976E8 /* AppDelegate.m */; };
		B5F90AA51B3168B7008976E8 /* main.m in Sources */ = {isa = PBXBuildFile; fileRef = B5F90AA41B3168B7008976E8 /* main.m */; };
		B5F90AA71B3168B7008976E8 /* Images.xcassets in Resources */ = {isa = PBXBuildFile; fileRef = B5F90AA61B3168B7008976E8 /* Images.xcassets */; };
		B5F90AAA1B3168B7008976E8 /* MainMenu.xib in Resources */ = {isa = PBXBuildFile; fileRef = B5F90AA81B3168B7008976E8 /* MainMenu.xib */; };
/* End PBXBuildFile section */

/* Begin PBXFileReference section */
		B54F06051B493A05007941CF /* NSBezierPath+CGPath.h */ = {isa = PBXFileReference; fileEncoding = 4; lastKnownFileType = sourcecode.c.h; path = "NSBezierPath+CGPath.h"; sourceTree = "<group>"; };
		B54F06061B493A05007941CF /* NSBezierPath+CGPath.m */ = {isa = PBXFileReference; fileEncoding = 4; lastKnownFileType = sourcecode.c.objc; path = "NSBezierPath+CGPath.m"; sourceTree = "<group>"; };
		B5819DCC1B31B41B0031D4BB /* MainViewController.h */ = {isa = PBXFileReference; fileEncoding = 4; lastKnownFileType = sourcecode.c.h; path = MainViewController.h; sourceTree = "<group>"; };
		B5819DCD1B31B41B0031D4BB /* MainViewController.m */ = {isa = PBXFileReference; fileEncoding = 4; lastKnownFileType = sourcecode.c.objc; path = MainViewController.m; sourceTree = "<group>"; };
		B5ABA8B31BD53B99008B7F1F /* PaintView.h */ = {isa = PBXFileReference; fileEncoding = 4; lastKnownFileType = sourcecode.c.h; path = PaintView.h; sourceTree = "<group>"; };
		B5ABA8B41BD53B99008B7F1F /* PaintView.m */ = {isa = PBXFileReference; fileEncoding = 4; lastKnownFileType = sourcecode.c.objc; path = PaintView.m; sourceTree = "<group>"; };
		B5C10EBA1B36FF6E0073D3EE /* BrushImageView.h */ = {isa = PBXFileReference; fileEncoding = 4; lastKnownFileType = sourcecode.c.h; path = BrushImageView.h; sourceTree = "<group>"; };
		B5C10EBB1B36FF6E0073D3EE /* BrushImageView.m */ = {isa = PBXFileReference; fileEncoding = 4; lastKnownFileType = sourcecode.c.objc; path = BrushImageView.m; sourceTree = "<group>"; };
		B5C10EBD1B36FF900073D3EE /* EraserImageView.h */ = {isa = PBXFileReference; fileEncoding = 4; lastKnownFileType = sourcecode.c.h; path = EraserImageView.h; sourceTree = "<group>"; };
		B5C10EBE1B36FF900073D3EE /* EraserImageView.m */ = {isa = PBXFileReference; fileEncoding = 4; lastKnownFileType = sourcecode.c.objc; path = EraserImageView.m; sourceTree = "<group>"; };
		B5C10EC01B36FFA80073D3EE /* SelectionImageView.h */ = {isa = PBXFileReference; fileEncoding = 4; lastKnownFileType = sourcecode.c.h; path = SelectionImageView.h; sourceTree = "<group>"; };
		B5C10EC11B36FFA80073D3EE /* SelectionImageView.m */ = {isa = PBXFileReference; fileEncoding = 4; lastKnownFileType = sourcecode.c.objc; path = SelectionImageView.m; sourceTree = "<group>"; };
		B5C10EC31B36FFD70073D3EE /* AirbrushImageView.h */ = {isa = PBXFileReference; fileEncoding = 4; lastKnownFileType = sourcecode.c.h; path = AirbrushImageView.h; sourceTree = "<group>"; };
		B5C10EC41B36FFD70073D3EE /* AirbrushImageView.m */ = {isa = PBXFileReference; fileEncoding = 4; lastKnownFileType = sourcecode.c.objc; path = AirbrushImageView.m; sourceTree = "<group>"; };
		B5C10EC61B36FFED0073D3EE /* FillImageView.h */ = {isa = PBXFileReference; fileEncoding = 4; lastKnownFileType = sourcecode.c.h; path = FillImageView.h; sourceTree = "<group>"; };
		B5C10EC71B36FFED0073D3EE /* FillImageView.m */ = {isa = PBXFileReference; fileEncoding = 4; lastKnownFileType = sourcecode.c.objc; path = FillImageView.m; sourceTree = "<group>"; };
		B5C10EC91B36FFFE0073D3EE /* BombImageView.h */ = {isa = PBXFileReference; fileEncoding = 4; lastKnownFileType = sourcecode.c.h; path = BombImageView.h; sourceTree = "<group>"; };
		B5C10ECA1B36FFFE0073D3EE /* BombImageView.m */ = {isa = PBXFileReference; fileEncoding = 4; lastKnownFileType = sourcecode.c.objc; path = BombImageView.m; sourceTree = "<group>"; };
		B5C10ECC1B37000E0073D3EE /* LineTool.h */ = {isa = PBXFileReference; fileEncoding = 4; lastKnownFileType = sourcecode.c.h; path = LineTool.h; sourceTree = "<group>"; };
		B5C10ECD1B37000E0073D3EE /* LineTool.m */ = {isa = PBXFileReference; fileEncoding = 4; lastKnownFileType = sourcecode.c.objc; path = LineTool.m; sourceTree = "<group>"; };
		B5C10ECF1B37001D0073D3EE /* CurveTool.h */ = {isa = PBXFileReference; fileEncoding = 4; lastKnownFileType = sourcecode.c.h; path = CurveTool.h; sourceTree = "<group>"; };
		B5C10ED01B37001D0073D3EE /* CurveTool.m */ = {isa = PBXFileReference; fileEncoding = 4; lastKnownFileType = sourcecode.c.objc; path = CurveTool.m; sourceTree = "<group>"; };
		B5C10ED21B3700490073D3EE /* RectangleTool.h */ = {isa = PBXFileReference; fileEncoding = 4; lastKnownFileType = sourcecode.c.h; path = RectangleTool.h; sourceTree = "<group>"; };
		B5C10ED31B3700490073D3EE /* RectangleTool.m */ = {isa = PBXFileReference; fileEncoding = 4; lastKnownFileType = sourcecode.c.objc; path = RectangleTool.m; sourceTree = "<group>"; };
		B5C10ED51B3700570073D3EE /* EllipseTool.h */ = {isa = PBXFileReference; fileEncoding = 4; lastKnownFileType = sourcecode.c.h; path = EllipseTool.h; sourceTree = "<group>"; };
		B5C10ED61B3700570073D3EE /* EllipseTool.m */ = {isa = PBXFileReference; fileEncoding = 4; lastKnownFileType = sourcecode.c.objc; path = EllipseTool.m; sourceTree = "<group>"; };
		B5C10ED81B3700670073D3EE /* RoundedRectangleTool.h */ = {isa = PBXFileReference; fileEncoding = 4; lastKnownFileType = sourcecode.c.h; path = RoundedRectangleTool.h; sourceTree = "<group>"; };
		B5C10ED91B3700670073D3EE /* RoundedRectangleTool.m */ = {isa = PBXFileReference; fileEncoding = 4; lastKnownFileType = sourcecode.c.objc; path = RoundedRectangleTool.m; sourceTree = "<group>"; };
		B5C10EDB1B37007D0073D3EE /* TextTool.h */ = {isa = PBXFileReference; fileEncoding = 4; lastKnownFileType = sourcecode.c.h; path = TextTool.h; sourceTree = "<group>"; };
		B5C10EDC1B37007D0073D3EE /* TextTool.m */ = {isa = PBXFileReference; fileEncoding = 4; lastKnownFileType = sourcecode.c.objc; path = TextTool.m; sourceTree = "<group>"; };
		B5C10EDE1B3701650073D3EE /* EyedropperTool.h */ = {isa = PBXFileReference; fileEncoding = 4; lastKnownFileType = sourcecode.c.h; path = EyedropperTool.h; sourceTree = "<group>"; };
		B5C10EDF1B3701650073D3EE /* EyedropperTool.m */ = {isa = PBXFileReference; fileEncoding = 4; lastKnownFileType = sourcecode.c.objc; path = EyedropperTool.m; sourceTree = "<group>"; };
		B5C10EE11B3701720073D3EE /* ZoomTool.h */ = {isa = PBXFileReference; fileEncoding = 4; lastKnownFileType = sourcecode.c.h; path = ZoomTool.h; sourceTree = "<group>"; };
		B5C10EE21B3701720073D3EE /* ZoomTool.m */ = {isa = PBXFileReference; fileEncoding = 4; lastKnownFileType = sourcecode.c.objc; path = ZoomTool.m; sourceTree = "<group>"; };
		B5D944FF1B35A3A600605BD9 /* screenshot.png */ = {isa = PBXFileReference; lastKnownFileType = image.png; path = screenshot.png; sourceTree = "<group>"; };
		B5DC5E531B4998EC007F6F62 /* CustomClipView.h */ = {isa = PBXFileReference; fileEncoding = 4; lastKnownFileType = sourcecode.c.h; path = CustomClipView.h; sourceTree = "<group>"; };
		B5DC5E541B4998EC007F6F62 /* CustomClipView.m */ = {isa = PBXFileReference; fileEncoding = 4; lastKnownFileType = sourcecode.c.objc; path = CustomClipView.m; sourceTree = "<group>"; };
		B5F90A9C1B3168B7008976E8 /* MacOSBrush.app */ = {isa = PBXFileReference; explicitFileType = wrapper.application; includeInIndex = 0; path = MacOSBrush.app; sourceTree = BUILT_PRODUCTS_DIR; };
		B5F90AA01B3168B7008976E8 /* Info.plist */ = {isa = PBXFileReference; lastKnownFileType = text.plist.xml; path = Info.plist; sourceTree = "<group>"; };
		B5F90AA11B3168B7008976E8 /* AppDelegate.h */ = {isa = PBXFileReference; lastKnownFileType = sourcecode.c.h; path = AppDelegate.h; sourceTree = "<group>"; };
		B5F90AA21B3168B7008976E8 /* AppDelegate.m */ = {isa = PBXFileReference; lastKnownFileType = sourcecode.c.objc; path = AppDelegate.m; sourceTree = "<group>"; };
		B5F90AA41B3168B7008976E8 /* main.m */ = {isa = PBXFileReference; lastKnownFileType = sourcecode.c.objc; path = main.m; sourceTree = "<group>"; };
		B5F90AA61B3168B7008976E8 /* Images.xcassets */ = {isa = PBXFileReference; lastKnownFileType = folder.assetcatalog; path = Images.xcassets; sourceTree = "<group>"; };
		B5F90AA91B3168B7008976E8 /* Base */ = {isa = PBXFileReference; lastKnownFileType = file.xib; name = Base; path = Base.lproj/MainMenu.xib; sourceTree = "<group>"; };
/* End PBXFileReference section */

/* Begin PBXFrameworksBuildPhase section */
		B5F90A991B3168B7008976E8 /* Frameworks */ = {
			isa = PBXFrameworksBuildPhase;
			buildActionMask = 2147483647;
			files = (
			);
			runOnlyForDeploymentPostprocessing = 0;
		};
/* End PBXFrameworksBuildPhase section */

/* Begin PBXGroup section */
		B5C10EB91B36FF3F0073D3EE /* Tools */ = {
			isa = PBXGroup;
			children = (
				B5C10EBA1B36FF6E0073D3EE /* BrushImageView.h */,
				B5C10EBB1B36FF6E0073D3EE /* BrushImageView.m */,
				B5C10EBD1B36FF900073D3EE /* EraserImageView.h */,
				B5C10EBE1B36FF900073D3EE /* EraserImageView.m */,
				B5C10EC01B36FFA80073D3EE /* SelectionImageView.h */,
				B5C10EC11B36FFA80073D3EE /* SelectionImageView.m */,
				B5C10EC31B36FFD70073D3EE /* AirbrushImageView.h */,
				B5C10EC41B36FFD70073D3EE /* AirbrushImageView.m */,
				B5C10EC61B36FFED0073D3EE /* FillImageView.h */,
				B5C10EC71B36FFED0073D3EE /* FillImageView.m */,
				B5C10EC91B36FFFE0073D3EE /* BombImageView.h */,
				B5C10ECA1B36FFFE0073D3EE /* BombImageView.m */,
				B5C10ECC1B37000E0073D3EE /* LineTool.h */,
				B5C10ECD1B37000E0073D3EE /* LineTool.m */,
				B5C10ECF1B37001D0073D3EE /* CurveTool.h */,
				B5C10ED01B37001D0073D3EE /* CurveTool.m */,
				B5C10ED21B3700490073D3EE /* RectangleTool.h */,
				B5C10ED31B3700490073D3EE /* RectangleTool.m */,
				B5C10ED51B3700570073D3EE /* EllipseTool.h */,
				B5C10ED61B3700570073D3EE /* EllipseTool.m */,
				B5C10ED81B3700670073D3EE /* RoundedRectangleTool.h */,
				B5C10ED91B3700670073D3EE /* RoundedRectangleTool.m */,
				B5C10EDB1B37007D0073D3EE /* TextTool.h */,
				B5C10EDC1B37007D0073D3EE /* TextTool.m */,
				B5C10EDE1B3701650073D3EE /* EyedropperTool.h */,
				B5C10EDF1B3701650073D3EE /* EyedropperTool.m */,
				B5C10EE11B3701720073D3EE /* ZoomTool.h */,
				B5C10EE21B3701720073D3EE /* ZoomTool.m */,
				B54F06051B493A05007941CF /* NSBezierPath+CGPath.h */,
				B54F06061B493A05007941CF /* NSBezierPath+CGPath.m */,
				B5ABA8B31BD53B99008B7F1F /* PaintView.h */,
				B5ABA8B41BD53B99008B7F1F /* PaintView.m */,
			);
			name = Tools;
			sourceTree = "<group>";
		};
		B5F90A931B3168B7008976E8 = {
			isa = PBXGroup;
			children = (
				B5F90A9E1B3168B7008976E8 /* MacOSBrush */,
				B5F90A9D1B3168B7008976E8 /* Products */,
			);
			sourceTree = "<group>";
		};
		B5F90A9D1B3168B7008976E8 /* Products */ = {
			isa = PBXGroup;
			children = (
				B5F90A9C1B3168B7008976E8 /* MacOSBrush.app */,
			);
			name = Products;
			sourceTree = "<group>";
		};
		B5F90A9E1B3168B7008976E8 /* MacOSBrush */ = {
			isa = PBXGroup;
			children = (
				B5C10EB91B36FF3F0073D3EE /* Tools */,
				B5F90AA11B3168B7008976E8 /* AppDelegate.h */,
				B5F90AA21B3168B7008976E8 /* AppDelegate.m */,
				B5F90AA61B3168B7008976E8 /* Images.xcassets */,
				B5F90AA81B3168B7008976E8 /* MainMenu.xib */,
				B5819DCC1B31B41B0031D4BB /* MainViewController.h */,
				B5819DCD1B31B41B0031D4BB /* MainViewController.m */,
				B5D944FF1B35A3A600605BD9 /* screenshot.png */,
				B5F90A9F1B3168B7008976E8 /* Supporting Files */,
				B5DC5E531B4998EC007F6F62 /* CustomClipView.h */,
				B5DC5E541B4998EC007F6F62 /* CustomClipView.m */,
			);
			path = MacOSBrush;
			sourceTree = "<group>";
		};
		B5F90A9F1B3168B7008976E8 /* Supporting Files */ = {
			isa = PBXGroup;
			children = (
				B5F90AA01B3168B7008976E8 /* Info.plist */,
				B5F90AA41B3168B7008976E8 /* main.m */,
			);
			name = "Supporting Files";
			sourceTree = "<group>";
		};
/* End PBXGroup section */

/* Begin PBXNativeTarget section */
		B5F90A9B1B3168B7008976E8 /* MacOSBrush */ = {
			isa = PBXNativeTarget;
			buildConfigurationList = B5F90AB91B3168B7008976E8 /* Build configuration list for PBXNativeTarget "MacOSBrush" */;
			buildPhases = (
				B5F90A981B3168B7008976E8 /* Sources */,
				B5F90A991B3168B7008976E8 /* Frameworks */,
				B5F90A9A1B3168B7008976E8 /* Resources */,
			);
			buildRules = (
			);
			dependencies = (
			);
			name = MacOSBrush;
			productName = MacOSBrush;
			productReference = B5F90A9C1B3168B7008976E8 /* MacOSBrush.app */;
			productType = "com.apple.product-type.application";
		};
/* End PBXNativeTarget section */

/* Begin PBXProject section */
		B5F90A941B3168B7008976E8 /* Project object */ = {
			isa = PBXProject;
			attributes = {
				LastUpgradeCheck = 0800;
				ORGANIZATIONNAME = NSSimpleApps;
				TargetAttributes = {
					B5F90A9B1B3168B7008976E8 = {
						CreatedOnToolsVersion = 6.3.2;
					};
				};
			};
			buildConfigurationList = B5F90A971B3168B7008976E8 /* Build configuration list for PBXProject "MacOSBrush" */;
			compatibilityVersion = "Xcode 6.3";
			developmentRegion = English;
			hasScannedForEncodings = 0;
			knownRegions = (
				en,
				Base,
			);
			mainGroup = B5F90A931B3168B7008976E8;
			productRefGroup = B5F90A9D1B3168B7008976E8 /* Products */;
			projectDirPath = "";
			projectRoot = "";
			targets = (
				B5F90A9B1B3168B7008976E8 /* MacOSBrush */,
			);
		};
/* End PBXProject section */

/* Begin PBXResourcesBuildPhase section */
		B5F90A9A1B3168B7008976E8 /* Resources */ = {
			isa = PBXResourcesBuildPhase;
			buildActionMask = 2147483647;
			files = (
				B5F90AA71B3168B7008976E8 /* Images.xcassets in Resources */,
				B5F90AAA1B3168B7008976E8 /* MainMenu.xib in Resources */,
			);
			runOnlyForDeploymentPostprocessing = 0;
		};
/* End PBXResourcesBuildPhase section */

/* Begin PBXSourcesBuildPhase section */
		B5F90A981B3168B7008976E8 /* Sources */ = {
			isa = PBXSourcesBuildPhase;
			buildActionMask = 2147483647;
			files = (
				B5C10EC21B36FFA80073D3EE /* SelectionImageView.m in Sources */,
				B5C10ED11B37001D0073D3EE /* CurveTool.m in Sources */,
				B5F90AA51B3168B7008976E8 /* main.m in Sources */,
				B5C10ECE1B37000E0073D3EE /* LineTool.m in Sources */,
				B5C10EBC1B36FF6E0073D3EE /* BrushImageView.m in Sources */,
				B5C10ECB1B36FFFE0073D3EE /* BombImageView.m in Sources */,
				B5C10EDA1B3700670073D3EE /* RoundedRectangleTool.m in Sources */,
				B5C10EE01B3701650073D3EE /* EyedropperTool.m in Sources */,
				B5C10EDD1B37007D0073D3EE /* TextTool.m in Sources */,
				B5C10EBF1B36FF900073D3EE /* EraserImageView.m in Sources */,
				B5819DCE1B31B41B0031D4BB /* MainViewController.m in Sources */,
				B5F90AA31B3168B7008976E8 /* AppDelegate.m in Sources */,
				B5C10ED71B3700570073D3EE /* EllipseTool.m in Sources */,
				B5ABA8B51BD53B99008B7F1F /* PaintView.m in Sources */,
				B5C10EE31B3701720073D3EE /* ZoomTool.m in Sources */,
				B54F06071B493A05007941CF /* NSBezierPath+CGPath.m in Sources */,
				B5C10EC81B36FFED0073D3EE /* FillImageView.m in Sources */,
				B5DC5E551B4998EC007F6F62 /* CustomClipView.m in Sources */,
				B5C10ED41B3700490073D3EE /* RectangleTool.m in Sources */,
				B5C10EC51B36FFD70073D3EE /* AirbrushImageView.m in Sources */,
			);
			runOnlyForDeploymentPostprocessing = 0;
		};
/* End PBXSourcesBuildPhase section */

/* Begin PBXVariantGroup section */
		B5F90AA81B3168B7008976E8 /* MainMenu.xib */ = {
			isa = PBXVariantGroup;
			children = (
				B5F90AA91B3168B7008976E8 /* Base */,
			);
			name = MainMenu.xib;
			sourceTree = "<group>";
		};
/* End PBXVariantGroup section */

/* Begin XCBuildConfiguration section */
		B5F90AB71B3168B7008976E8 /* Debug */ = {
			isa = XCBuildConfiguration;
			buildSettings = {
				ALWAYS_SEARCH_USER_PATHS = NO;
				CLANG_CXX_LANGUAGE_STANDARD = "gnu++0x";
				CLANG_CXX_LIBRARY = "libc++";
				CLANG_ENABLE_MODULES = YES;
				CLANG_ENABLE_OBJC_ARC = YES;
				CLANG_WARN_BOOL_CONVERSION = YES;
				CLANG_WARN_CONSTANT_CONVERSION = YES;
				CLANG_WARN_DIRECT_OBJC_ISA_USAGE = YES_ERROR;
				CLANG_WARN_EMPTY_BODY = YES;
				CLANG_WARN_ENUM_CONVERSION = YES;
				CLANG_WARN_INFINITE_RECURSION = YES;
				CLANG_WARN_INT_CONVERSION = YES;
				CLANG_WARN_OBJC_ROOT_CLASS = YES_ERROR;
				CLANG_WARN_SUSPICIOUS_MOVE = YES;
				CLANG_WARN_UNREACHABLE_CODE = YES;
				CLANG_WARN__DUPLICATE_METHOD_MATCH = YES;
				CODE_SIGN_IDENTITY = "-";
				COPY_PHASE_STRIP = NO;
				DEBUG_INFORMATION_FORMAT = dwarf;
				ENABLE_STRICT_OBJC_MSGSEND = YES;
				ENABLE_TESTABILITY = YES;
				GCC_C_LANGUAGE_STANDARD = gnu99;
				GCC_DYNAMIC_NO_PIC = NO;
				GCC_NO_COMMON_BLOCKS = YES;
				GCC_OPTIMIZATION_LEVEL = 0;
				GCC_PREPROCESSOR_DEFINITIONS = (
					"DEBUG=1",
					"$(inherited)",
				);
				GCC_SYMBOLS_PRIVATE_EXTERN = NO;
				GCC_WARN_64_TO_32_BIT_CONVERSION = YES;
				GCC_WARN_ABOUT_RETURN_TYPE = YES_ERROR;
				GCC_WARN_UNDECLARED_SELECTOR = YES;
				GCC_WARN_UNINITIALIZED_AUTOS = YES_AGGRESSIVE;
				GCC_WARN_UNUSED_FUNCTION = YES;
				GCC_WARN_UNUSED_VARIABLE = YES;
				MACOSX_DEPLOYMENT_TARGET = 10.11;
				MTL_ENABLE_DEBUG_INFO = YES;
				ONLY_ACTIVE_ARCH = YES;
				SDKROOT = macosx;
			};
			name = Debug;
		};
		B5F90AB81B3168B7008976E8 /* Release */ = {
			isa = XCBuildConfiguration;
			buildSettings = {
				ALWAYS_SEARCH_USER_PATHS = NO;
				CLANG_CXX_LANGUAGE_STANDARD = "gnu++0x";
				CLANG_CXX_LIBRARY = "libc++";
				CLANG_ENABLE_MODULES = YES;
				CLANG_ENABLE_OBJC_ARC = YES;
				CLANG_WARN_BOOL_CONVERSION = YES;
				CLANG_WARN_CONSTANT_CONVERSION = YES;
				CLANG_WARN_DIRECT_OBJC_ISA_USAGE = YES_ERROR;
				CLANG_WARN_EMPTY_BODY = YES;
				CLANG_WARN_ENUM_CONVERSION = YES;
				CLANG_WARN_INFINITE_RECURSION = YES;
				CLANG_WARN_INT_CONVERSION = YES;
				CLANG_WARN_OBJC_ROOT_CLASS = YES_ERROR;
				CLANG_WARN_SUSPICIOUS_MOVE = YES;
				CLANG_WARN_UNREACHABLE_CODE = YES;
				CLANG_WARN__DUPLICATE_METHOD_MATCH = YES;
				CODE_SIGN_IDENTITY = "-";
				COPY_PHASE_STRIP = NO;
				DEBUG_INFORMATION_FORMAT = "dwarf-with-dsym";
				ENABLE_NS_ASSERTIONS = NO;
				ENABLE_STRICT_OBJC_MSGSEND = YES;
				GCC_C_LANGUAGE_STANDARD = gnu99;
				GCC_NO_COMMON_BLOCKS = YES;
				GCC_WARN_64_TO_32_BIT_CONVERSION = YES;
				GCC_WARN_ABOUT_RETURN_TYPE = YES_ERROR;
				GCC_WARN_UNDECLARED_SELECTOR = YES;
				GCC_WARN_UNINITIALIZED_AUTOS = YES_AGGRESSIVE;
				GCC_WARN_UNUSED_FUNCTION = YES;
				GCC_WARN_UNUSED_VARIABLE = YES;
				MACOSX_DEPLOYMENT_TARGET = 10.11;
				MTL_ENABLE_DEBUG_INFO = NO;
				SDKROOT = macosx;
			};
			name = Release;
		};
		B5F90ABA1B3168B7008976E8 /* Debug */ = {
			isa = XCBuildConfiguration;
			buildSettings = {
				ASSETCATALOG_COMPILER_APPICON_NAME = AppIcon;
				COMBINE_HIDPI_IMAGES = YES;
				INFOPLIST_FILE = MacOSBrush/Info.plist;
				LD_RUNPATH_SEARCH_PATHS = "$(inherited) @executable_path/../Frameworks";
				PRODUCT_BUNDLE_IDENTIFIER = "NSSimpleApps.$(PRODUCT_NAME:rfc1034identifier)";
				PRODUCT_NAME = "$(TARGET_NAME)";
			};
			name = Debug;
		};
		B5F90ABB1B3168B7008976E8 /* Release */ = {
			isa = XCBuildConfiguration;
			buildSettings = {
				ASSETCATALOG_COMPILER_APPICON_NAME = AppIcon;
				COMBINE_HIDPI_IMAGES = YES;
				INFOPLIST_FILE = MacOSBrush/Info.plist;
				LD_RUNPATH_SEARCH_PATHS = "$(inherited) @executable_path/../Frameworks";
				PRODUCT_BUNDLE_IDENTIFIER = "NSSimpleApps.$(PRODUCT_NAME:rfc1034identifier)";
				PRODUCT_NAME = "$(TARGET_NAME)";
			};
			name = Release;
		};
/* End XCBuildConfiguration section */

/* Begin XCConfigurationList section */
		B5F90A971B3168B7008976E8 /* Build configuration list for PBXProject "MacOSBrush" */ = {
			isa = XCConfigurationList;
			buildConfigurations = (
				B5F90AB71B3168B7008976E8 /* Debug */,
				B5F90AB81B3168B7008976E8 /* Release */,
			);
			defaultConfigurationIsVisible = 0;
			defaultConfigurationName = Release;
		};
		B5F90AB91B3168B7008976E8 /* Build configuration list for PBXNativeTarget "MacOSBrush" */ = {
			isa = XCConfigurationList;
			buildConfigurations = (
				B5F90ABA1B3168B7008976E8 /* Debug */,
				B5F90ABB1B3168B7008976E8 /* Release */,
			);
			defaultConfigurationIsVisible = 0;
			defaultConfigurationName = Release;
		};
/* End XCConfigurationList section */
	};
	rootObject = B5F90A941B3168B7008976E8 /* Project object */;
}
